
Microsoft Visual Studio Solution File, Format Version 12.00
# Visual Studio Version 17
VisualStudioVersion = 17.13.35931.197
MinimumVisualStudioVersion = 10.0.40219.1
Project("{FAE04EC0-301F-11D3-BF4B-00C04F79EFBC}") = "ProjetFinal_Ecommerce", "ProjetFinal_Ecommerce\ProjetFinal_Ecommerce.csproj", "{BB92E2BA-5F81-4659-B850-514802CFC583}"
EndProject
Project("{FAE04EC0-301F-11D3-BF4B-00C04F79EFBC}") = "TestProjet_Commerce", "TestProjet_Commerce\TestProjet_Commerce.csproj", "{3D8D8335-0BA4-4418-8FA8-D04A2669243C}"
EndProject
Global
	GlobalSection(SolutionConfigurationPlatforms) = preSolution
		Debug|Any CPU = Debug|Any CPU
		Release|Any CPU = Release|Any CPU
	EndGlobalSection
	GlobalSection(ProjectConfigurationPlatforms) = postSolution
		{BB92E2BA-5F81-4659-B850-514802CFC583}.Debug|Any CPU.ActiveCfg = Debug|Any CPU
		{BB92E2BA-5F81-4659-B850-514802CFC583}.Debug|Any CPU.Build.0 = Debug|Any CPU
		{BB92E2BA-5F81-4659-B850-514802CFC583}.Release|Any CPU.ActiveCfg = Release|Any CPU
		{BB92E2BA-5F81-4659-B850-514802CFC583}.Release|Any CPU.Build.0 = Release|Any CPU
		{3D8D8335-0BA4-4418-8FA8-D04A2669243C}.Debug|Any CPU.ActiveCfg = Debug|Any CPU
		{3D8D8335-0BA4-4418-8FA8-D04A2669243C}.Debug|Any CPU.Build.0 = Debug|Any CPU
		{3D8D8335-0BA4-4418-8FA8-D04A2669243C}.Release|Any CPU.ActiveCfg = Release|Any CPU
		{3D8D8335-0BA4-4418-8FA8-D04A2669243C}.Release|Any CPU.Build.0 = Release|Any CPU
	EndGlobalSection
	GlobalSection(SolutionProperties) = preSolution
		HideSolutionNode = FALSE
	EndGlobalSection
	GlobalSection(ExtensibilityGlobals) = postSolution
		SolutionGuid = {DD7EF69F-2309-4E69-BB41-D8DCF77EB77C}
	EndGlobalSection
EndGlobal
